// !$*UTF8*$!
{
	archiveVersion = 1;
	classes = {
	};
	objectVersion = 46;
	objects = {

/* Begin PBXBuildFile section */
		6F6ADBB41AD7A01100A4D8D3 /* main.m in Sources */ = {isa = PBXBuildFile; fileRef = 6F6ADBB31AD7A01100A4D8D3 /* main.m */; };
		6F6ADBB71AD7A01100A4D8D3 /* AppDelegate.m in Sources */ = {isa = PBXBuildFile; fileRef = 6F6ADBB61AD7A01100A4D8D3 /* AppDelegate.m */; };
		6F6ADBBD1AD7A01100A4D8D3 /* Main.storyboard in Resources */ = {isa = PBXBuildFile; fileRef = 6F6ADBBB1AD7A01100A4D8D3 /* Main.storyboard */; };
		6F6ADBBF1AD7A01100A4D8D3 /* Images.xcassets in Resources */ = {isa = PBXBuildFile; fileRef = 6F6ADBBE1AD7A01100A4D8D3 /* Images.xcassets */; };
		6F6ADBC21AD7A01100A4D8D3 /* LaunchScreen.xib in Resources */ = {isa = PBXBuildFile; fileRef = 6F6ADBC01AD7A01100A4D8D3 /* LaunchScreen.xib */; };
		6F6ADBCE1AD7A01100A4D8D3 /* FBStickerCrawlerTests.m in Sources */ = {isa = PBXBuildFile; fileRef = 6F6ADBCD1AD7A01100A4D8D3 /* FBStickerCrawlerTests.m */; };
		6F6ADBDB1AD7A10000A4D8D3 /* PQParsingService.m in Sources */ = {isa = PBXBuildFile; fileRef = 6F6ADBDA1AD7A10000A4D8D3 /* PQParsingService.m */; };
		6F6ADBDE1AD7A10E00A4D8D3 /* PQRequestingService.m in Sources */ = {isa = PBXBuildFile; fileRef = 6F6ADBDD1AD7A10E00A4D8D3 /* PQRequestingService.m */; };
		6F6ADBE11AD7A12000A4D8D3 /* PQSticker.m in Sources */ = {isa = PBXBuildFile; fileRef = 6F6ADBE01AD7A12000A4D8D3 /* PQSticker.m */; };
		6F6ADBE41AD7A13500A4D8D3 /* PQStickerPack.m in Sources */ = {isa = PBXBuildFile; fileRef = 6F6ADBE31AD7A13500A4D8D3 /* PQStickerPack.m */; };
		6F6ADBE81AD7A17F00A4D8D3 /* PQStickerPackListTableViewController.m in Sources */ = {isa = PBXBuildFile; fileRef = 6F6ADBE71AD7A17F00A4D8D3 /* PQStickerPackListTableViewController.m */; };
		6F6ADBEB1AD7A22700A4D8D3 /* PQStickerListTableViewController.m in Sources */ = {isa = PBXBuildFile; fileRef = 6F6ADBEA1AD7A22700A4D8D3 /* PQStickerListTableViewController.m */; };
		6F6ADBEE1AD7C17300A4D8D3 /* PQUrlService.m in Sources */ = {isa = PBXBuildFile; fileRef = 6F6ADBED1AD7C17300A4D8D3 /* PQUrlService.m */; };
		6F6ADC241AD806E500A4D8D3 /* PQStickerPackTableViewCell.m in Sources */ = {isa = PBXBuildFile; fileRef = 6F6ADC231AD806E500A4D8D3 /* PQStickerPackTableViewCell.m */; };
		6F6ADC271AD807A200A4D8D3 /* PQStickerTableViewCell.m in Sources */ = {isa = PBXBuildFile; fileRef = 6F6ADC261AD807A200A4D8D3 /* PQStickerTableViewCell.m */; };
		6FDDEC9A1AE5F6EF009FA543 /* UIImage+Sprite.m in Sources */ = {isa = PBXBuildFile; fileRef = 6FDDEC991AE5F6EF009FA543 /* UIImage+Sprite.m */; };
		A9504A68C5E469F24675F505 /* libPods.a in Frameworks */ = {isa = PBXBuildFile; fileRef = 486C6B12C1EA6EC261956300 /* libPods.a */; };
/* End PBXBuildFile section */

/* Begin PBXContainerItemProxy section */
		6F6ADBC81AD7A01100A4D8D3 /* PBXContainerItemProxy */ = {
			isa = PBXContainerItemProxy;
			containerPortal = 6F6ADBA61AD7A01100A4D8D3 /* Project object */;
			proxyType = 1;
			remoteGlobalIDString = 6F6ADBAD1AD7A01100A4D8D3;
			remoteInfo = FBStickerCrawler;
		};
/* End PBXContainerItemProxy section */

/* Begin PBXFileReference section */
		486C6B12C1EA6EC261956300 /* libPods.a */ = {isa = PBXFileReference; explicitFileType = archive.ar; includeInIndex = 0; path = libPods.a; sourceTree = BUILT_PRODUCTS_DIR; };
		6F6ADBAE1AD7A01100A4D8D3 /* FBStickerCrawler.app */ = {isa = PBXFileReference; explicitFileType = wrapper.application; includeInIndex = 0; path = FBStickerCrawler.app; sourceTree = BUILT_PRODUCTS_DIR; };
		6F6ADBB21AD7A01100A4D8D3 /* Info.plist */ = {isa = PBXFileReference; lastKnownFileType = text.plist.xml; path = Info.plist; sourceTree = "<group>"; };
		6F6ADBB31AD7A01100A4D8D3 /* main.m */ = {isa = PBXFileReference; lastKnownFileType = sourcecode.c.objc; path = main.m; sourceTree = "<group>"; };
		6F6ADBB51AD7A01100A4D8D3 /* AppDelegate.h */ = {isa = PBXFileReference; lastKnownFileType = sourcecode.c.h; path = AppDelegate.h; sourceTree = "<group>"; };
		6F6ADBB61AD7A01100A4D8D3 /* AppDelegate.m */ = {isa = PBXFileReference; lastKnownFileType = sourcecode.c.objc; path = AppDelegate.m; sourceTree = "<group>"; };
		6F6ADBBC1AD7A01100A4D8D3 /* Base */ = {isa = PBXFileReference; lastKnownFileType = file.storyboard; name = Base; path = Base.lproj/Main.storyboard; sourceTree = "<group>"; };
		6F6ADBBE1AD7A01100A4D8D3 /* Images.xcassets */ = {isa = PBXFileReference; lastKnownFileType = folder.assetcatalog; path = Images.xcassets; sourceTree = "<group>"; };
		6F6ADBC11AD7A01100A4D8D3 /* Base */ = {isa = PBXFileReference; lastKnownFileType = file.xib; name = Base; path = Base.lproj/LaunchScreen.xib; sourceTree = "<group>"; };
		6F6ADBC71AD7A01100A4D8D3 /* FBStickerCrawlerTests.xctest */ = {isa = PBXFileReference; explicitFileType = wrapper.cfbundle; includeInIndex = 0; path = FBStickerCrawlerTests.xctest; sourceTree = BUILT_PRODUCTS_DIR; };
		6F6ADBCC1AD7A01100A4D8D3 /* Info.plist */ = {isa = PBXFileReference; lastKnownFileType = text.plist.xml; path = Info.plist; sourceTree = "<group>"; };
		6F6ADBCD1AD7A01100A4D8D3 /* FBStickerCrawlerTests.m */ = {isa = PBXFileReference; lastKnownFileType = sourcecode.c.objc; path = FBStickerCrawlerTests.m; sourceTree = "<group>"; };
		6F6ADBD91AD7A10000A4D8D3 /* PQParsingService.h */ = {isa = PBXFileReference; fileEncoding = 4; lastKnownFileType = sourcecode.c.h; name = PQParsingService.h; path = Helpers/PQParsingService.h; sourceTree = "<group>"; };
		6F6ADBDA1AD7A10000A4D8D3 /* PQParsingService.m */ = {isa = PBXFileReference; fileEncoding = 4; lastKnownFileType = sourcecode.c.objc; name = PQParsingService.m; path = Helpers/PQParsingService.m; sourceTree = "<group>"; };
		6F6ADBDC1AD7A10E00A4D8D3 /* PQRequestingService.h */ = {isa = PBXFileReference; fileEncoding = 4; lastKnownFileType = sourcecode.c.h; name = PQRequestingService.h; path = Helpers/PQRequestingService.h; sourceTree = "<group>"; };
		6F6ADBDD1AD7A10E00A4D8D3 /* PQRequestingService.m */ = {isa = PBXFileReference; fileEncoding = 4; lastKnownFileType = sourcecode.c.objc; name = PQRequestingService.m; path = Helpers/PQRequestingService.m; sourceTree = "<group>"; };
		6F6ADBDF1AD7A12000A4D8D3 /* PQSticker.h */ = {isa = PBXFileReference; fileEncoding = 4; lastKnownFileType = sourcecode.c.h; name = PQSticker.h; path = Models/PQSticker.h; sourceTree = "<group>"; };
		6F6ADBE01AD7A12000A4D8D3 /* PQSticker.m */ = {isa = PBXFileReference; fileEncoding = 4; lastKnownFileType = sourcecode.c.objc; name = PQSticker.m; path = Models/PQSticker.m; sourceTree = "<group>"; };
		6F6ADBE21AD7A13500A4D8D3 /* PQStickerPack.h */ = {isa = PBXFileReference; fileEncoding = 4; lastKnownFileType = sourcecode.c.h; name = PQStickerPack.h; path = Models/PQStickerPack.h; sourceTree = "<group>"; };
		6F6ADBE31AD7A13500A4D8D3 /* PQStickerPack.m */ = {isa = PBXFileReference; fileEncoding = 4; lastKnownFileType = sourcecode.c.objc; name = PQStickerPack.m; path = Models/PQStickerPack.m; sourceTree = "<group>"; };
		6F6ADBE61AD7A17F00A4D8D3 /* PQStickerPackListTableViewController.h */ = {isa = PBXFileReference; fileEncoding = 4; lastKnownFileType = sourcecode.c.h; name = PQStickerPackListTableViewController.h; path = Controllers/PQStickerPackListTableViewController.h; sourceTree = "<group>"; };
		6F6ADBE71AD7A17F00A4D8D3 /* PQStickerPackListTableViewController.m */ = {isa = PBXFileReference; fileEncoding = 4; lastKnownFileType = sourcecode.c.objc; name = PQStickerPackListTableViewController.m; path = Controllers/PQStickerPackListTableViewController.m; sourceTree = "<group>"; };
		6F6ADBE91AD7A22700A4D8D3 /* PQStickerListTableViewController.h */ = {isa = PBXFileReference; fileEncoding = 4; lastKnownFileType = sourcecode.c.h; name = PQStickerListTableViewController.h; path = Controllers/PQStickerListTableViewController.h; sourceTree = "<group>"; };
		6F6ADBEA1AD7A22700A4D8D3 /* PQStickerListTableViewController.m */ = {isa = PBXFileReference; fileEncoding = 4; lastKnownFileType = sourcecode.c.objc; name = PQStickerListTableViewController.m; path = Controllers/PQStickerListTableViewController.m; sourceTree = "<group>"; };
		6F6ADBEC1AD7C17300A4D8D3 /* PQUrlService.h */ = {isa = PBXFileReference; fileEncoding = 4; lastKnownFileType = sourcecode.c.h; name = PQUrlService.h; path = Helpers/PQUrlService.h; sourceTree = "<group>"; };
		6F6ADBED1AD7C17300A4D8D3 /* PQUrlService.m */ = {isa = PBXFileReference; fileEncoding = 4; lastKnownFileType = sourcecode.c.objc; name = PQUrlService.m; path = Helpers/PQUrlService.m; sourceTree = "<group>"; };
		6F6ADC221AD806E500A4D8D3 /* PQStickerPackTableViewCell.h */ = {isa = PBXFileReference; fileEncoding = 4; lastKnownFileType = sourcecode.c.h; name = PQStickerPackTableViewCell.h; path = Controllers/Cells/PQStickerPackTableViewCell.h; sourceTree = "<group>"; };
		6F6ADC231AD806E500A4D8D3 /* PQStickerPackTableViewCell.m */ = {isa = PBXFileReference; fileEncoding = 4; lastKnownFileType = sourcecode.c.objc; name = PQStickerPackTableViewCell.m; path = Controllers/Cells/PQStickerPackTableViewCell.m; sourceTree = "<group>"; };
		6F6ADC251AD807A200A4D8D3 /* PQStickerTableViewCell.h */ = {isa = PBXFileReference; fileEncoding = 4; lastKnownFileType = sourcecode.c.h; name = PQStickerTableViewCell.h; path = Controllers/Cells/PQStickerTableViewCell.h; sourceTree = "<group>"; };
		6F6ADC261AD807A200A4D8D3 /* PQStickerTableViewCell.m */ = {isa = PBXFileReference; fileEncoding = 4; lastKnownFileType = sourcecode.c.objc; name = PQStickerTableViewCell.m; path = Controllers/Cells/PQStickerTableViewCell.m; sourceTree = "<group>"; };
		6FDDEC981AE5F6EF009FA543 /* UIImage+Sprite.h */ = {isa = PBXFileReference; fileEncoding = 4; lastKnownFileType = sourcecode.c.h; path = "UIImage+Sprite.h"; sourceTree = "<group>"; };
		6FDDEC991AE5F6EF009FA543 /* UIImage+Sprite.m */ = {isa = PBXFileReference; fileEncoding = 4; lastKnownFileType = sourcecode.c.objc; path = "UIImage+Sprite.m"; sourceTree = "<group>"; };
		737B6BD40FD94ED6EEF4127B /* Pods.release.xcconfig */ = {isa = PBXFileReference; includeInIndex = 1; lastKnownFileType = text.xcconfig; name = Pods.release.xcconfig; path = "Pods/Target Support Files/Pods/Pods.release.xcconfig"; sourceTree = "<group>"; };
		FBFCB522AEA9526018477A6E /* Pods.debug.xcconfig */ = {isa = PBXFileReference; includeInIndex = 1; lastKnownFileType = text.xcconfig; name = Pods.debug.xcconfig; path = "Pods/Target Support Files/Pods/Pods.debug.xcconfig"; sourceTree = "<group>"; };
/* End PBXFileReference section */

/* Begin PBXFrameworksBuildPhase section */
		6F6ADBAB1AD7A01100A4D8D3 /* Frameworks */ = {
			isa = PBXFrameworksBuildPhase;
			buildActionMask = 2147483647;
			files = (
				A9504A68C5E469F24675F505 /* libPods.a in Frameworks */,
			);
			runOnlyForDeploymentPostprocessing = 0;
		};
		6F6ADBC41AD7A01100A4D8D3 /* Frameworks */ = {
			isa = PBXFrameworksBuildPhase;
			buildActionMask = 2147483647;
			files = (
			);
			runOnlyForDeploymentPostprocessing = 0;
		};
/* End PBXFrameworksBuildPhase section */

/* Begin PBXGroup section */
		3A87AE1DFD5B368DBBA6550D /* Frameworks */ = {
			isa = PBXGroup;
			children = (
				486C6B12C1EA6EC261956300 /* libPods.a */,
			);
			name = Frameworks;
			sourceTree = "<group>";
		};
		6F6ADBA51AD7A01100A4D8D3 = {
			isa = PBXGroup;
			children = (
				6F6ADBB01AD7A01100A4D8D3 /* FBStickerCrawler */,
				6F6ADBCA1AD7A01100A4D8D3 /* FBStickerCrawlerTests */,
				6F6ADBAF1AD7A01100A4D8D3 /* Products */,
				DD57012BC90111F2FA9602F2 /* Pods */,
				3A87AE1DFD5B368DBBA6550D /* Frameworks */,
			);
			sourceTree = "<group>";
		};
		6F6ADBAF1AD7A01100A4D8D3 /* Products */ = {
			isa = PBXGroup;
			children = (
				6F6ADBAE1AD7A01100A4D8D3 /* FBStickerCrawler.app */,
				6F6ADBC71AD7A01100A4D8D3 /* FBStickerCrawlerTests.xctest */,
			);
			name = Products;
			sourceTree = "<group>";
		};
		6F6ADBB01AD7A01100A4D8D3 /* FBStickerCrawler */ = {
			isa = PBXGroup;
			children = (
				6F6ADBE51AD7A14A00A4D8D3 /* Controllers */,
				6F6ADBD81AD7A0E100A4D8D3 /* Helpers */,
				6F6ADBD71AD7A0D900A4D8D3 /* Models */,
				6F6ADBB51AD7A01100A4D8D3 /* AppDelegate.h */,
				6F6ADBB61AD7A01100A4D8D3 /* AppDelegate.m */,
				6F6ADBBB1AD7A01100A4D8D3 /* Main.storyboard */,
				6F6ADBBE1AD7A01100A4D8D3 /* Images.xcassets */,
				6F6ADBC01AD7A01100A4D8D3 /* LaunchScreen.xib */,
				6F6ADBB11AD7A01100A4D8D3 /* Supporting Files */,
			);
			path = FBStickerCrawler;
			sourceTree = "<group>";
		};
		6F6ADBB11AD7A01100A4D8D3 /* Supporting Files */ = {
			isa = PBXGroup;
			children = (
				6F6ADBB21AD7A01100A4D8D3 /* Info.plist */,
				6F6ADBB31AD7A01100A4D8D3 /* main.m */,
			);
			name = "Supporting Files";
			sourceTree = "<group>";
		};
		6F6ADBCA1AD7A01100A4D8D3 /* FBStickerCrawlerTests */ = {
			isa = PBXGroup;
			children = (
				6F6ADBCD1AD7A01100A4D8D3 /* FBStickerCrawlerTests.m */,
				6F6ADBCB1AD7A01100A4D8D3 /* Supporting Files */,
			);
			path = FBStickerCrawlerTests;
			sourceTree = "<group>";
		};
		6F6ADBCB1AD7A01100A4D8D3 /* Supporting Files */ = {
			isa = PBXGroup;
			children = (
				6F6ADBCC1AD7A01100A4D8D3 /* Info.plist */,
			);
			name = "Supporting Files";
			sourceTree = "<group>";
		};
		6F6ADBD71AD7A0D900A4D8D3 /* Models */ = {
			isa = PBXGroup;
			children = (
				6F6ADBDF1AD7A12000A4D8D3 /* PQSticker.h */,
				6F6ADBE01AD7A12000A4D8D3 /* PQSticker.m */,
				6F6ADBE21AD7A13500A4D8D3 /* PQStickerPack.h */,
				6F6ADBE31AD7A13500A4D8D3 /* PQStickerPack.m */,
			);
			name = Models;
			sourceTree = "<group>";
		};
		6F6ADBD81AD7A0E100A4D8D3 /* Helpers */ = {
			isa = PBXGroup;
			children = (
				6FDDEC981AE5F6EF009FA543 /* UIImage+Sprite.h */,
				6FDDEC991AE5F6EF009FA543 /* UIImage+Sprite.m */,
				6F6ADBEC1AD7C17300A4D8D3 /* PQUrlService.h */,
				6F6ADBED1AD7C17300A4D8D3 /* PQUrlService.m */,
				6F6ADBD91AD7A10000A4D8D3 /* PQParsingService.h */,
				6F6ADBDA1AD7A10000A4D8D3 /* PQParsingService.m */,
				6F6ADBDC1AD7A10E00A4D8D3 /* PQRequestingService.h */,
				6F6ADBDD1AD7A10E00A4D8D3 /* PQRequestingService.m */,
			);
			name = Helpers;
			sourceTree = "<group>";
		};
		6F6ADBE51AD7A14A00A4D8D3 /* Controllers */ = {
			isa = PBXGroup;
			children = (
				6F6ADC211AD806BE00A4D8D3 /* Cells */,
				6F6ADBE61AD7A17F00A4D8D3 /* PQStickerPackListTableViewController.h */,
				6F6ADBE71AD7A17F00A4D8D3 /* PQStickerPackListTableViewController.m */,
				6F6ADBE91AD7A22700A4D8D3 /* PQStickerListTableViewController.h */,
				6F6ADBEA1AD7A22700A4D8D3 /* PQStickerListTableViewController.m */,
			);
			name = Controllers;
			sourceTree = "<group>";
		};
		6F6ADC211AD806BE00A4D8D3 /* Cells */ = {
			isa = PBXGroup;
			children = (
				6F6ADC221AD806E500A4D8D3 /* PQStickerPackTableViewCell.h */,
				6F6ADC231AD806E500A4D8D3 /* PQStickerPackTableViewCell.m */,
				6F6ADC251AD807A200A4D8D3 /* PQStickerTableViewCell.h */,
				6F6ADC261AD807A200A4D8D3 /* PQStickerTableViewCell.m */,
			);
			name = Cells;
			sourceTree = "<group>";
		};
		DD57012BC90111F2FA9602F2 /* Pods */ = {
			isa = PBXGroup;
			children = (
				FBFCB522AEA9526018477A6E /* Pods.debug.xcconfig */,
				737B6BD40FD94ED6EEF4127B /* Pods.release.xcconfig */,
			);
			name = Pods;
			sourceTree = "<group>";
		};
/* End PBXGroup section */

/* Begin PBXNativeTarget section */
		6F6ADBAD1AD7A01100A4D8D3 /* FBStickerCrawler */ = {
			isa = PBXNativeTarget;
			buildConfigurationList = 6F6ADBD11AD7A01100A4D8D3 /* Build configuration list for PBXNativeTarget "FBStickerCrawler" */;
			buildPhases = (
				986EF91EEB642FAB61E095D6 /* Check Pods Manifest.lock */,
				6F6ADBAA1AD7A01100A4D8D3 /* Sources */,
				6F6ADBAB1AD7A01100A4D8D3 /* Frameworks */,
				6F6ADBAC1AD7A01100A4D8D3 /* Resources */,
				7B2FAC1AA7BDED4898B647EC /* Copy Pods Resources */,
			);
			buildRules = (
			);
			dependencies = (
			);
			name = FBStickerCrawler;
			productName = FBStickerCrawler;
			productReference = 6F6ADBAE1AD7A01100A4D8D3 /* FBStickerCrawler.app */;
			productType = "com.apple.product-type.application";
		};
		6F6ADBC61AD7A01100A4D8D3 /* FBStickerCrawlerTests */ = {
			isa = PBXNativeTarget;
			buildConfigurationList = 6F6ADBD41AD7A01100A4D8D3 /* Build configuration list for PBXNativeTarget "FBStickerCrawlerTests" */;
			buildPhases = (
				6F6ADBC31AD7A01100A4D8D3 /* Sources */,
				6F6ADBC41AD7A01100A4D8D3 /* Frameworks */,
				6F6ADBC51AD7A01100A4D8D3 /* Resources */,
			);
			buildRules = (
			);
			dependencies = (
				6F6ADBC91AD7A01100A4D8D3 /* PBXTargetDependency */,
			);
			name = FBStickerCrawlerTests;
			productName = FBStickerCrawlerTests;
			productReference = 6F6ADBC71AD7A01100A4D8D3 /* FBStickerCrawlerTests.xctest */;
			productType = "com.apple.product-type.bundle.unit-test";
		};
/* End PBXNativeTarget section */

/* Begin PBXProject section */
		6F6ADBA61AD7A01100A4D8D3 /* Project object */ = {
			isa = PBXProject;
			attributes = {
				LastUpgradeCheck = 0630;
				ORGANIZATIONNAME = QuangLTP;
				TargetAttributes = {
					6F6ADBAD1AD7A01100A4D8D3 = {
						CreatedOnToolsVersion = 6.3;
					};
					6F6ADBC61AD7A01100A4D8D3 = {
						CreatedOnToolsVersion = 6.3;
						TestTargetID = 6F6ADBAD1AD7A01100A4D8D3;
					};
				};
			};
			buildConfigurationList = 6F6ADBA91AD7A01100A4D8D3 /* Build configuration list for PBXProject "FBStickerCrawler" */;
			compatibilityVersion = "Xcode 3.2";
			developmentRegion = English;
			hasScannedForEncodings = 0;
			knownRegions = (
				en,
				Base,
			);
			mainGroup = 6F6ADBA51AD7A01100A4D8D3;
			productRefGroup = 6F6ADBAF1AD7A01100A4D8D3 /* Products */;
			projectDirPath = "";
			projectRoot = "";
			targets = (
				6F6ADBAD1AD7A01100A4D8D3 /* FBStickerCrawler */,
				6F6ADBC61AD7A01100A4D8D3 /* FBStickerCrawlerTests */,
			);
		};
/* End PBXProject section */

/* Begin PBXResourcesBuildPhase section */
		6F6ADBAC1AD7A01100A4D8D3 /* Resources */ = {
			isa = PBXResourcesBuildPhase;
			buildActionMask = 2147483647;
			files = (
				6F6ADBBD1AD7A01100A4D8D3 /* Main.storyboard in Resources */,
				6F6ADBC21AD7A01100A4D8D3 /* LaunchScreen.xib in Resources */,
				6F6ADBBF1AD7A01100A4D8D3 /* Images.xcassets in Resources */,
			);
			runOnlyForDeploymentPostprocessing = 0;
		};
		6F6ADBC51AD7A01100A4D8D3 /* Resources */ = {
			isa = PBXResourcesBuildPhase;
			buildActionMask = 2147483647;
			files = (
			);
			runOnlyForDeploymentPostprocessing = 0;
		};
/* End PBXResourcesBuildPhase section */

/* Begin PBXShellScriptBuildPhase section */
		7B2FAC1AA7BDED4898B647EC /* Copy Pods Resources */ = {
			isa = PBXShellScriptBuildPhase;
			buildActionMask = 2147483647;
			files = (
			);
			inputPaths = (
			);
			name = "Copy Pods Resources";
			outputPaths = (
			);
			runOnlyForDeploymentPostprocessing = 0;
			shellPath = /bin/sh;
			shellScript = "\"${SRCROOT}/Pods/Target Support Files/Pods/Pods-resources.sh\"\n";
			showEnvVarsInLog = 0;
		};
		986EF91EEB642FAB61E095D6 /* Check Pods Manifest.lock */ = {
			isa = PBXShellScriptBuildPhase;
			buildActionMask = 2147483647;
			files = (
			);
			inputPaths = (
			);
			name = "Check Pods Manifest.lock";
			outputPaths = (
			);
			runOnlyForDeploymentPostprocessing = 0;
			shellPath = /bin/sh;
			shellScript = "diff \"${PODS_ROOT}/../Podfile.lock\" \"${PODS_ROOT}/Manifest.lock\" > /dev/null\nif [[ $? != 0 ]] ; then\n    cat << EOM\nerror: The sandbox is not in sync with the Podfile.lock. Run 'pod install' or update your CocoaPods installation.\nEOM\n    exit 1\nfi\n";
			showEnvVarsInLog = 0;
		};
/* End PBXShellScriptBuildPhase section */

/* Begin PBXSourcesBuildPhase section */
		6F6ADBAA1AD7A01100A4D8D3 /* Sources */ = {
			isa = PBXSourcesBuildPhase;
			buildActionMask = 2147483647;
			files = (
				6F6ADBE41AD7A13500A4D8D3 /* PQStickerPack.m in Sources */,
				6F6ADC271AD807A200A4D8D3 /* PQStickerTableViewCell.m in Sources */,
				6F6ADBB71AD7A01100A4D8D3 /* AppDelegate.m in Sources */,
				6F6ADBEE1AD7C17300A4D8D3 /* PQUrlService.m in Sources */,
				6F6ADBE11AD7A12000A4D8D3 /* PQSticker.m in Sources */,
				6F6ADBB41AD7A01100A4D8D3 /* main.m in Sources */,
				6F6ADBE81AD7A17F00A4D8D3 /* PQStickerPackListTableViewController.m in Sources */,
				6F6ADC241AD806E500A4D8D3 /* PQStickerPackTableViewCell.m in Sources */,
				6F6ADBDE1AD7A10E00A4D8D3 /* PQRequestingService.m in Sources */,
				6F6ADBEB1AD7A22700A4D8D3 /* PQStickerListTableViewController.m in Sources */,
				6FDDEC9A1AE5F6EF009FA543 /* UIImage+Sprite.m in Sources */,
				6F6ADBDB1AD7A10000A4D8D3 /* PQParsingService.m in Sources */,
			);
			runOnlyForDeploymentPostprocessing = 0;
		};
		6F6ADBC31AD7A01100A4D8D3 /* Sources */ = {
			isa = PBXSourcesBuildPhase;
			buildActionMask = 2147483647;
			files = (
				6F6ADBCE1AD7A01100A4D8D3 /* FBStickerCrawlerTests.m in Sources */,
			);
			runOnlyForDeploymentPostprocessing = 0;
		};
/* End PBXSourcesBuildPhase section */

/* Begin PBXTargetDependency section */
		6F6ADBC91AD7A01100A4D8D3 /* PBXTargetDependency */ = {
			isa = PBXTargetDependency;
			target = 6F6ADBAD1AD7A01100A4D8D3 /* FBStickerCrawler */;
			targetProxy = 6F6ADBC81AD7A01100A4D8D3 /* PBXContainerItemProxy */;
		};
/* End PBXTargetDependency section */

/* Begin PBXVariantGroup section */
		6F6ADBBB1AD7A01100A4D8D3 /* Main.storyboard */ = {
			isa = PBXVariantGroup;
			children = (
				6F6ADBBC1AD7A01100A4D8D3 /* Base */,
			);
			name = Main.storyboard;
			sourceTree = "<group>";
		};
		6F6ADBC01AD7A01100A4D8D3 /* LaunchScreen.xib */ = {
			isa = PBXVariantGroup;
			children = (
				6F6ADBC11AD7A01100A4D8D3 /* Base */,
			);
			name = LaunchScreen.xib;
			sourceTree = "<group>";
		};
/* End PBXVariantGroup section */

/* Begin XCBuildConfiguration section */
		6F6ADBCF1AD7A01100A4D8D3 /* Debug */ = {
			isa = XCBuildConfiguration;
			buildSettings = {
				ALWAYS_SEARCH_USER_PATHS = NO;
				CLANG_CXX_LANGUAGE_STANDARD = "gnu++0x";
				CLANG_CXX_LIBRARY = "libc++";
				CLANG_ENABLE_MODULES = YES;
				CLANG_ENABLE_OBJC_ARC = YES;
				CLANG_WARN_BOOL_CONVERSION = YES;
				CLANG_WARN_CONSTANT_CONVERSION = YES;
				CLANG_WARN_DIRECT_OBJC_ISA_USAGE = YES_ERROR;
				CLANG_WARN_EMPTY_BODY = YES;
				CLANG_WARN_ENUM_CONVERSION = YES;
				CLANG_WARN_INT_CONVERSION = YES;
				CLANG_WARN_OBJC_ROOT_CLASS = YES_ERROR;
				CLANG_WARN_UNREACHABLE_CODE = YES;
				CLANG_WARN__DUPLICATE_METHOD_MATCH = YES;
				"CODE_SIGN_IDENTITY[sdk=iphoneos*]" = "iPhone Developer";
				COPY_PHASE_STRIP = NO;
				DEBUG_INFORMATION_FORMAT = "dwarf-with-dsym";
				ENABLE_STRICT_OBJC_MSGSEND = YES;
				GCC_C_LANGUAGE_STANDARD = gnu99;
				GCC_DYNAMIC_NO_PIC = NO;
				GCC_NO_COMMON_BLOCKS = YES;
				GCC_OPTIMIZATION_LEVEL = 0;
				GCC_PREPROCESSOR_DEFINITIONS = (
					"DEBUG=1",
					"$(inherited)",
				);
				GCC_SYMBOLS_PRIVATE_EXTERN = NO;
				GCC_WARN_64_TO_32_BIT_CONVERSION = YES;
				GCC_WARN_ABOUT_RETURN_TYPE = YES_ERROR;
				GCC_WARN_UNDECLARED_SELECTOR = YES;
				GCC_WARN_UNINITIALIZED_AUTOS = YES_AGGRESSIVE;
				GCC_WARN_UNUSED_FUNCTION = YES;
				GCC_WARN_UNUSED_VARIABLE = YES;
				IPHONEOS_DEPLOYMENT_TARGET = 8.3;
				MTL_ENABLE_DEBUG_INFO = YES;
				ONLY_ACTIVE_ARCH = YES;
				SDKROOT = iphoneos;
			};
			name = Debug;
		};
		6F6ADBD01AD7A01100A4D8D3 /* Release */ = {
			isa = XCBuildConfiguration;
			buildSettings = {
				ALWAYS_SEARCH_USER_PATHS = NO;
				CLANG_CXX_LANGUAGE_STANDARD = "gnu++0x";
				CLANG_CXX_LIBRARY = "libc++";
				CLANG_ENABLE_MODULES = YES;
				CLANG_ENABLE_OBJC_ARC = YES;
				CLANG_WARN_BOOL_CONVERSION = YES;
				CLANG_WARN_CONSTANT_CONVERSION = YES;
				CLANG_WARN_DIRECT_OBJC_ISA_USAGE = YES_ERROR;
				CLANG_WARN_EMPTY_BODY = YES;
				CLANG_WARN_ENUM_CONVERSION = YES;
				CLANG_WARN_INT_CONVERSION = YES;
				CLANG_WARN_OBJC_ROOT_CLASS = YES_ERROR;
				CLANG_WARN_UNREACHABLE_CODE = YES;
				CLANG_WARN__DUPLICATE_METHOD_MATCH = YES;
				"CODE_SIGN_IDENTITY[sdk=iphoneos*]" = "iPhone Developer";
				COPY_PHASE_STRIP = NO;
				DEBUG_INFORMATION_FORMAT = "dwarf-with-dsym";
				ENABLE_NS_ASSERTIONS = NO;
				ENABLE_STRICT_OBJC_MSGSEND = YES;
				GCC_C_LANGUAGE_STANDARD = gnu99;
				GCC_NO_COMMON_BLOCKS = YES;
				GCC_WARN_64_TO_32_BIT_CONVERSION = YES;
				GCC_WARN_ABOUT_RETURN_TYPE = YES_ERROR;
				GCC_WARN_UNDECLARED_SELECTOR = YES;
				GCC_WARN_UNINITIALIZED_AUTOS = YES_AGGRESSIVE;
				GCC_WARN_UNUSED_FUNCTION = YES;
				GCC_WARN_UNUSED_VARIABLE = YES;
				IPHONEOS_DEPLOYMENT_TARGET = 8.3;
				MTL_ENABLE_DEBUG_INFO = NO;
				SDKROOT = iphoneos;
				VALIDATE_PRODUCT = YES;
			};
			name = Release;
		};
		6F6ADBD21AD7A01100A4D8D3 /* Debug */ = {
			isa = XCBuildConfiguration;
			baseConfigurationReference = FBFCB522AEA9526018477A6E /* Pods.debug.xcconfig */;
			buildSettings = {
				ASSETCATALOG_COMPILER_APPICON_NAME = AppIcon;
				INFOPLIST_FILE = FBStickerCrawler/Info.plist;
				LD_RUNPATH_SEARCH_PATHS = "$(inherited) @executable_path/Frameworks";
				PRODUCT_NAME = "$(TARGET_NAME)";
			};
			name = Debug;
		};
		6F6ADBD31AD7A01100A4D8D3 /* Release */ = {
			isa = XCBuildConfiguration;
			baseConfigurationReference = 737B6BD40FD94ED6EEF4127B /* Pods.release.xcconfig */;
			buildSettings = {
				ASSETCATALOG_COMPILER_APPICON_NAME = AppIcon;
				INFOPLIST_FILE = FBStickerCrawler/Info.plist;
				LD_RUNPATH_SEARCH_PATHS = "$(inherited) @executable_path/Frameworks";
				PRODUCT_NAME = "$(TARGET_NAME)";
			};
			name = Release;
		};
		6F6ADBD51AD7A01100A4D8D3 /* Debug */ = {
			isa = XCBuildConfiguration;
			buildSettings = {
				BUNDLE_LOADER = "$(TEST_HOST)";
				FRAMEWORK_SEARCH_PATHS = (
					"$(SDKROOT)/Developer/Library/Frameworks",
					"$(inherited)",
				);
				GCC_PREPROCESSOR_DEFINITIONS = (
					"DEBUG=1",
					"$(inherited)",
				);
				INFOPLIST_FILE = FBStickerCrawlerTests/Info.plist;
				LD_RUNPATH_SEARCH_PATHS = "$(inherited) @executable_path/Frameworks @loader_path/Frameworks";
				PRODUCT_NAME = "$(TARGET_NAME)";
				TEST_HOST = "$(BUILT_PRODUCTS_DIR)/FBStickerCrawler.app/FBStickerCrawler";
			};
			name = Debug;
		};
		6F6ADBD61AD7A01100A4D8D3 /* Release */ = {
			isa = XCBuildConfiguration;
			buildSettings = {
				BUNDLE_LOADER = "$(TEST_HOST)";
				FRAMEWORK_SEARCH_PATHS = (
					"$(SDKROOT)/Developer/Library/Frameworks",
					"$(inherited)",
				);
				INFOPLIST_FILE = FBStickerCrawlerTests/Info.plist;
				LD_RUNPATH_SEARCH_PATHS = "$(inherited) @executable_path/Frameworks @loader_path/Frameworks";
				PRODUCT_NAME = "$(TARGET_NAME)";
				TEST_HOST = "$(BUILT_PRODUCTS_DIR)/FBStickerCrawler.app/FBStickerCrawler";
			};
			name = Release;
		};
/* End XCBuildConfiguration section */

/* Begin XCConfigurationList section */
		6F6ADBA91AD7A01100A4D8D3 /* Build configuration list for PBXProject "FBStickerCrawler" */ = {
			isa = XCConfigurationList;
			buildConfigurations = (
				6F6ADBCF1AD7A01100A4D8D3 /* Debug */,
				6F6ADBD01AD7A01100A4D8D3 /* Release */,
			);
			defaultConfigurationIsVisible = 0;
			defaultConfigurationName = Release;
		};
		6F6ADBD11AD7A01100A4D8D3 /* Build configuration list for PBXNativeTarget "FBStickerCrawler" */ = {
			isa = XCConfigurationList;
			buildConfigurations = (
				6F6ADBD21AD7A01100A4D8D3 /* Debug */,
				6F6ADBD31AD7A01100A4D8D3 /* Release */,
			);
			defaultConfigurationIsVisible = 0;
			defaultConfigurationName = Release;
		};
		6F6ADBD41AD7A01100A4D8D3 /* Build configuration list for PBXNativeTarget "FBStickerCrawlerTests" */ = {
			isa = XCConfigurationList;
			buildConfigurations = (
				6F6ADBD51AD7A01100A4D8D3 /* Debug */,
				6F6ADBD61AD7A01100A4D8D3 /* Release */,
			);
			defaultConfigurationIsVisible = 0;
			defaultConfigurationName = Release;
		};
/* End XCConfigurationList section */
	};
	rootObject = 6F6ADBA61AD7A01100A4D8D3 /* Project object */;
}
